lockfile_version: '1'
generated_at: '2026-10-02T17:59:33.576056+00:00'
apm_version: 0.28.0
dependencies: []
deployments:
- kind: project-relative
  target: agents
  value: .agents/skills/network-egress
  runtime: null
  scope: project
  owners:
  - .
  active_owner: .
  content_hash: null
- kind: project-relative
  target: agents
  value: .agents/skills/network-egress/SKILL.md
  runtime: null
  scope: project
  owners:
  - .
  active_owner: .
  content_hash: sha256:1c3178c6368a4e5aba8e7156928e3847a0653a71a49eaf9c8c6cf4c87c105cef
- kind: project-relative
  target: agents
  value: .agents/skills/probe-traffic
  runtime: null
  scope: project
  owners:
  - .
  active_owner: .
  content_hash: null
- kind: project-relative
  target: agents
  value: .agents/skills/probe-traffic/SKILL.md
  runtime: null
  scope: project
  owners:
  - .
  active_owner: .
  content_hash: sha256:d7ab38513a54d3b8e08eb256589f3c23aab3184e2e21998b6d208fef2d5f007e
- kind: project-relative
  target: agents
  value: .agents/skills/probe-traffic/references/gotchas.md
  runtime: null
  scope: project
  owners:
  - .
  active_owner: .
  content_hash: sha256:06a97db562fc75600f436435c6e1cf70e4d6981217d347a8c894e83a6a0ea9c2
- kind: project-relative
  target: agents
  value: .agents/skills/probe-traffic/references/lenses.md
  runtime: null
  scope: project
  owners:
  - .
  active_owner: .
  content_hash: sha256:1da93d1d5599d415929bb0f0ef1703e498207e1b131280bec82a1f81e47e645e
- kind: project-relative
  target: agents
  value: .agents/skills/probe-traffic/references/targets.md
  runtime: null
  scope: project
  owners:
  - .
  active_owner: .
  content_hash: sha256:c1aef485e948c20cf8c23154cbea88abb19a68df6059bebcd688e4cfc92460e1
- kind: project-relative
  target: agents
  value: .agents/skills/probe-traffic/references/vantages.md
  runtime: null
  scope: project
  owners:
  - .
  active_owner: .
  content_hash: sha256:044a100f97ae008985be4399fbe3fd561f5f650dcaca5ac82125862cedd42c0a
- kind: project-relative
  target: agents
  value: .agents/skills/sync-docs
  runtime: null
  scope: project
  owners:
  - .
  active_owner: .
  content_hash: null
- kind: project-relative
  target: agents
  value: .agents/skills/sync-docs/SKILL.md
  runtime: null
  scope: project
  owners:
  - .
  active_owner: .
  content_hash: sha256:bbdbd56127405e11d896b3d8382ddb16a4682c4a3d92a3bbfcd6f4c377bf505d
- kind: project-relative
  target: agents
  value: .agents/skills/sync-docs/references/doc-map.md
  runtime: null
  scope: project
  owners:
  - .
  active_owner: .
  content_hash: sha256:4ad83558822de790cdc61e79b51cb35d67dd8c349105a6466ecd901e175cc948
- kind: project-relative
  target: agents
  value: .agents/skills/sync-obsidian
  runtime: null
  scope: project
  owners:
  - .
  active_owner: .
  content_hash: null
- kind: project-relative
  target: agents
  value: .agents/skills/sync-obsidian/SKILL.md
  runtime: null
  scope: project
  owners:
  - .
  active_owner: .
  content_hash: sha256:c655aa1d306933889daf5e39d657564c42689be95302338467269125c57e08e8
- kind: project-relative
  target: agents
  value: .agents/skills/sync-obsidian/references/note-template.md
  runtime: null
  scope: project
  owners:
  - .
  active_owner: .
  content_hash: sha256:11c4159d4646f4acc6ff1b835d19643c85a4e361fb38bdc20056a7f872ed1510
- kind: project-relative
  target: agents
  value: .agents/skills/sync-obsidian/references/source-map.md
  runtime: null
  scope: project
  owners:
  - .
  active_owner: .
  content_hash: sha256:c32184df9603c2a5b0471958354bb89e2140f291d049a7b6ac05d2a33115782c
- kind: project-relative
  target: claude
  value: .claude/skills/network-egress
  runtime: null
  scope: project
  owners:
  - .
  active_owner: .
  content_hash: null
- kind: project-relative
  target: claude
  value: .claude/skills/network-egress/SKILL.md
  runtime: null
  scope: project
  owners:
  - .
  active_owner: .
  content_hash: sha256:1c3178c6368a4e5aba8e7156928e3847a0653a71a49eaf9c8c6cf4c87c105cef
- kind: project-relative
  target: claude
  value: .claude/skills/probe-traffic
  runtime: null
  scope: project
  owners:
  - .
  active_owner: .
  content_hash: null
- kind: project-relative
  target: claude
  value: .claude/skills/probe-traffic/SKILL.md
  runtime: null
  scope: project
  owners:
  - .
  active_owner: .
  content_hash: sha256:d7ab38513a54d3b8e08eb256589f3c23aab3184e2e21998b6d208fef2d5f007e
- kind: project-relative
  target: claude
  value: .claude/skills/probe-traffic/references/gotchas.md
  runtime: null
  scope: project
  owners:
  - .
  active_owner: .
  content_hash: sha256:06a97db562fc75600f436435c6e1cf70e4d6981217d347a8c894e83a6a0ea9c2
- kind: project-relative
  target: claude
  value: .claude/skills/probe-traffic/references/lenses.md
  runtime: null
  scope: project
  owners:
  - .
  active_owner: .
  content_hash: sha256:1da93d1d5599d415929bb0f0ef1703e498207e1b131280bec82a1f81e47e645e
- kind: project-relative
  target: claude
  value: .claude/skills/probe-traffic/references/targets.md
  runtime: null
  scope: project
  owners:
  - .
  active_owner: .
  content_hash: sha256:80ee1e5d1444560ce2b1f19e57a28500b16e1f3dc186f2db902877662eadfdee
- kind: project-relative
  target: claude
  value: .claude/skills/probe-traffic/references/vantages.md
  runtime: null
  scope: project
  owners:
  - .
  active_owner: .
  content_hash: sha256:044a100f97ae008985be4399fbe3fd561f5f650dcaca5ac82125862cedd42c0a
- kind: project-relative
  target: claude
  value: .claude/skills/sync-docs
  runtime: null
  scope: project
  owners:
  - .
  active_owner: .
  content_hash: null
- kind: project-relative
  target: claude
  value: .claude/skills/sync-docs/SKILL.md
  runtime: null
  scope: project
  owners:
  - .
  active_owner: .
  content_hash: sha256:bbdbd56127405e11d896b3d8382ddb16a4682c4a3d92a3bbfcd6f4c377bf505d
- kind: project-relative
  target: claude
  value: .claude/skills/sync-docs/references/doc-map.md
  runtime: null
  scope: project
  owners:
  - .
  active_owner: .
  content_hash: sha256:4ad83558822de790cdc61e79b51cb35d67dd8c349105a6466ecd901e175cc948
- kind: project-relative
  target: copilot
  value: .github/skills/sync-docs
  runtime: null
  scope: project
  owners:
  - .
  active_owner: .
  content_hash: null
- kind: project-relative
  target: copilot
  value: .github/skills/sync-obsidian
  runtime: null
  scope: project
  owners:
  - .
  active_owner: .
  content_hash: null
local_deployed_files:
- .agents/skills/network-egress
- .agents/skills/network-egress/SKILL.md
- .agents/skills/probe-traffic
- .agents/skills/probe-traffic/SKILL.md
- .agents/skills/probe-traffic/references/gotchas.md
- .agents/skills/probe-traffic/references/lenses.md
- .agents/skills/probe-traffic/references/targets.md
- .agents/skills/probe-traffic/references/vantages.md
- .agents/skills/sync-docs
- .agents/skills/sync-docs/SKILL.md
- .agents/skills/sync-docs/references/doc-map.md
- .agents/skills/sync-obsidian
- .agents/skills/sync-obsidian/SKILL.md
- .agents/skills/sync-obsidian/references/note-template.md
- .agents/skills/sync-obsidian/references/source-map.md
- .claude/skills/network-egress
- .claude/skills/network-egress/SKILL.md
- .claude/skills/probe-traffic
- .claude/skills/probe-traffic/SKILL.md
- .claude/skills/probe-traffic/references/gotchas.md
- .claude/skills/probe-traffic/references/lenses.md
- .claude/skills/probe-traffic/references/targets.md
- .claude/skills/probe-traffic/references/vantages.md
- .claude/skills/sync-docs
- .claude/skills/sync-docs/SKILL.md
- .claude/skills/sync-docs/references/doc-map.md
- .github/skills/sync-docs
- .github/skills/sync-obsidian
local_deployed_file_hashes:
  .agents/skills/network-egress/SKILL.md: sha256:1c3178c6368a4e5aba8e7156928e3847a0653a71a49eaf9c8c6cf4c87c105cef
  .agents/skills/probe-traffic/SKILL.md: sha256:d7ab38513a54d3b8e08eb256589f3c23aab3184e2e21998b6d208fef2d5f007e
  .agents/skills/probe-traffic/references/gotchas.md: sha256:06a97db562fc75600f436435c6e1cf70e4d6981217d347a8c894e83a6a0ea9c2
  .agents/skills/probe-traffic/references/lenses.md: sha256:1da93d1d5599d415929bb0f0ef1703e498207e1b131280bec82a1f81e47e645e
  .agents/skills/probe-traffic/references/targets.md: sha256:c1aef485e948c20cf8c23154cbea88abb19a68df6059bebcd688e4cfc92460e1
  .agents/skills/probe-traffic/references/vantages.md: sha256:044a100f97ae008985be4399fbe3fd561f5f650dcaca5ac82125862cedd42c0a
  .agents/skills/sync-docs/SKILL.md: sha256:bbdbd56127405e11d896b3d8382ddb16a4682c4a3d92a3bbfcd6f4c377bf505d
  .agents/skills/sync-docs/references/doc-map.md: sha256:4ad83558822de790cdc61e79b51cb35d67dd8c349105a6466ecd901e175cc948
  .agents/skills/sync-obsidian/SKILL.md: sha256:c655aa1d306933889daf5e39d657564c42689be95302338467269125c57e08e8
  .agents/skills/sync-obsidian/references/note-template.md: sha256:11c4159d4646f4acc6ff1b835d19643c85a4e361fb38bdc20056a7f872ed1510
  .agents/skills/sync-obsidian/references/source-map.md: sha256:c32184df9603c2a5b0471958354bb89e2140f291d049a7b6ac05d2a33115782c
  .claude/skills/network-egress/SKILL.md: sha256:1c3178c6368a4e5aba8e7156928e3847a0653a71a49eaf9c8c6cf4c87c105cef
  .claude/skills/probe-traffic/SKILL.md: sha256:d7ab38513a54d3b8e08eb256589f3c23aab3184e2e21998b6d208fef2d5f007e
  .claude/skills/probe-traffic/references/gotchas.md: sha256:06a97db562fc75600f436435c6e1cf70e4d6981217d347a8c894e83a6a0ea9c2
  .claude/skills/probe-traffic/references/lenses.md: sha256:1da93d1d5599d415929bb0f0ef1703e498207e1b131280bec82a1f81e47e645e
  .claude/skills/probe-traffic/references/targets.md: sha256:80ee1e5d1444560ce2b1f19e57a28500b16e1f3dc186f2db902877662eadfdee
  .claude/skills/probe-traffic/references/vantages.md: sha256:044a100f97ae008985be4399fbe3fd561f5f650dcaca5ac82125862cedd42c0a
  .claude/skills/sync-docs/SKILL.md: sha256:bbdbd56127405e11d896b3d8382ddb16a4682c4a3d92a3bbfcd6f4c377bf505d
  .claude/skills/sync-docs/references/doc-map.md: sha256:4ad83558822de790cdc61e79b51cb35d67dd8c349105a6466ecd901e175cc948
